
Microsoft Visual Studio Solution File, Format Version 12.00
# Visual Studio Version 16
VisualStudioVersion = 16.0.31424.327
MinimumVisualStudioVersion = 10.0.40219.1
Project("{FAE04EC0-301F-11D3-BF4B-00C04F79EFBC}") = "WebAPIApp", "WebAPISolution\WebAPIApp.csproj", "{D60A4790-F075-42CF-BA01-DA6E06A7B8FB}"
EndProject
Global
	GlobalSection(SolutionConfigurationPlatforms) = preSolution
		Debug|Any CPU = Debug|Any CPU
		Release|Any CPU = Release|Any CPU
	EndGlobalSection
	GlobalSection(ProjectConfigurationPlatforms) = postSolution
		{D60A4790-F075-42CF-BA01-DA6E06A7B8FB}.Debug|Any CPU.ActiveCfg = Debug|Any CPU
		{D60A4790-F075-42CF-BA01-DA6E06A7B8FB}.Debug|Any CPU.Build.0 = Debug|Any CPU
		{D60A4790-F075-42CF-BA01-DA6E06A7B8FB}.Release|Any CPU.ActiveCfg = Release|Any CPU
		{D60A4790-F075-42CF-BA01-DA6E06A7B8FB}.Release|Any CPU.Build.0 = Release|Any CPU
	EndGlobalSection
	GlobalSection(SolutionProperties) = preSolution
		HideSolutionNode = FALSE
	EndGlobalSection
	GlobalSection(ExtensibilityGlobals) = postSolution
		SolutionGuid = {387789B4-2528-4486-B1FF-0F6A26368F92}
	EndGlobalSection
EndGlobal
